{
	"name": "audio-worker",
	"lockfileVersion": 3,
	"requires": true,
	"packages": {
		"": {
			"name": "audio-worker",
			"dependencies": {
				"@aws-sdk/client-s3": "^3.980.0",
				"@aws-sdk/client-sqs": "^3.980.0",
				"@types/fluent-ffmpeg": "^2.1.28",
				"@types/uuid": "^11.0.0",
				"dotenv": "^17.2.3",
				"ffmpeg-static": "^5.3.0",
				"fluent-ffmpeg": "^2.1.3",
				"ioredis": "^5.9.2",
				"openai": "^6.17.0",
				"postgres": "^3.4.8",
				"uuid": "^13.0.0"
			},
			"devDependencies": {
				"@types/bun": "latest"
			},
			"peerDependencies": {
				"typescript": "^5"
			}
		},
		"node_modules/@aws-crypto/crc32": {
			"version": "5.2.0",
			"license": "Apache-2.0",
			"dependencies": {
				"@aws-crypto/util": "^5.2.0",
				"@aws-sdk/types": "^3.222.0",
				"tslib": "^2.6.2"
			},
			"engines": {
				"node": ">=16.0.0"
			}
		},
		"node_modules/@aws-crypto/crc32c": {
			"version": "5.2.0",
			"license": "Apache-2.0",
			"dependencies": {
				"@aws-crypto/util": "^5.2.0",
				"@aws-sdk/types": "^3.222.0",
				"tslib": "^2.6.2"
			}
		},
		"node_modules/@aws-crypto/sha1-browser": {
			"version": "5.2.0",
			"license": "Apache-2.0",
			"dependencies": {
				"@aws-crypto/supports-web-crypto": "^5.2.0",
				"@aws-crypto/util": "^5.2.0",
				"@aws-sdk/types": "^3.222.0",
				"@aws-sdk/util-locate-window": "^3.0.0",
				"@smithy/util-utf8": "^2.0.0",
				"tslib": "^2.6.2"
			}
		},
		"node_modules/@aws-crypto/sha1-browser/node_modules/@smithy/util-utf8": {
			"version": "2.3.0",
			"license": "Apache-2.0",
			"dependencies": {
				"@smithy/util-buffer-from": "^2.2.0",
				"tslib": "^2.6.2"
			},
			"engines": {
				"node": ">=14.0.0"
			}
		},
		"node_modules/@aws-crypto/sha1-browser/node_modules/@smithy/util-utf8/node_modules/@smithy/util-buffer-from": {
			"version": "2.2.0",
			"license": "Apache-2.0",
			"dependencies": {
				"@smithy/is-array-buffer": "^2.2.0",
				"tslib": "^2.6.2"
			},
			"engines": {
				"node": ">=14.0.0"
			}
		},
		"node_modules/@aws-crypto/sha1-browser/node_modules/@smithy/util-utf8/node_modules/@smithy/util-buffer-from/node_modules/@smithy/is-array-buffer": {
			"version": "2.2.0",
			"license": "Apache-2.0",
			"dependencies": {
				"tslib": "^2.6.2"
			},
			"engines": {
				"node": ">=14.0.0"
			}
		},
		"node_modules/@aws-crypto/sha256-browser": {
			"version": "5.2.0",
			"license": "Apache-2.0",
			"dependencies": {
				"@aws-crypto/sha256-js": "^5.2.0",
				"@aws-crypto/supports-web-crypto": "^5.2.0",
				"@aws-crypto/util": "^5.2.0",
				"@aws-sdk/types": "^3.222.0",
				"@aws-sdk/util-locate-window": "^3.0.0",
				"@smithy/util-utf8": "^2.0.0",
				"tslib": "^2.6.2"
			}
		},
		"node_modules/@aws-crypto/sha256-browser/node_modules/@smithy/util-utf8": {
			"version": "2.3.0",
			"license": "Apache-2.0",
			"dependencies": {
				"@smithy/util-buffer-from": "^2.2.0",
				"tslib": "^2.6.2"
			},
			"engines": {
				"node": ">=14.0.0"
			}
		},
		"node_modules/@aws-crypto/sha256-browser/node_modules/@smithy/util-utf8/node_modules/@smithy/util-buffer-from": {
			"version": "2.2.0",
			"license": "Apache-2.0",
			"dependencies": {
				"@smithy/is-array-buffer": "^2.2.0",
				"tslib": "^2.6.2"
			},
			"engines": {
				"node": ">=14.0.0"
			}
		},
		"node_modules/@aws-crypto/sha256-browser/node_modules/@smithy/util-utf8/node_modules/@smithy/util-buffer-from/node_modules/@smithy/is-array-buffer": {
			"version": "2.2.0",
			"license": "Apache-2.0",
			"dependencies": {
				"tslib": "^2.6.2"
			},
			"engines": {
				"node": ">=14.0.0"
			}
		},
		"node_modules/@aws-crypto/sha256-js": {
			"version": "5.2.0",
			"license": "Apache-2.0",
			"dependencies": {
				"@aws-crypto/util": "^5.2.0",
				"@aws-sdk/types": "^3.222.0",
				"tslib": "^2.6.2"
			},
			"engines": {
				"node": ">=16.0.0"
			}
		},
		"node_modules/@aws-crypto/supports-web-crypto": {
			"version": "5.2.0",
			"license": "Apache-2.0",
			"dependencies": {
				"tslib": "^2.6.2"
			}
		},
		"node_modules/@aws-crypto/util": {
			"version": "5.2.0",
			"license": "Apache-2.0",
			"dependencies": {
				"@aws-sdk/types": "^3.222.0",
				"@smithy/util-utf8": "^2.0.0",
				"tslib": "^2.6.2"
			}
		},
		"node_modules/@aws-crypto/util/node_modules/@smithy/util-utf8": {
			"version": "2.3.0",
			"license": "Apache-2.0",
			"dependencies": {
				"@smithy/util-buffer-from": "^2.2.0",
				"tslib": "^2.6.2"
			},
			"engines": {
				"node": ">=14.0.0"
			}
		},
		"node_modules/@aws-crypto/util/node_modules/@smithy/util-utf8/node_modules/@smithy/util-buffer-from": {
			"version": "2.2.0",
			"license": "Apache-2.0",
			"dependencies": {
				"@smithy/is-array-buffer": "^2.2.0",
				"tslib": "^2.6.2"
			},
			"engines": {
				"node": ">=14.0.0"
			}
		},
		"node_modules/@aws-crypto/util/node_modules/@smithy/util-utf8/node_modules/@smithy/util-buffer-from/node_modules/@smithy/is-array-buffer": {
			"version": "2.2.0",
			"license": "Apache-2.0",
			"dependencies": {
				"tslib": "^2.6.2"
			},
			"engines": {
				"node": ">=14.0.0"
			}
		},
		"node_modules/@aws-sdk/client-s3": {
			"version": "3.980.0",
			"license": "Apache-2.0",
			"dependencies": {
				"@aws-crypto/sha1-browser": "5.2.0",
				"@aws-crypto/sha256-browser": "5.2.0",
				"@aws-crypto/sha256-js": "5.2.0",
				"@aws-sdk/core": "^3.973.5",
				"@aws-sdk/credential-provider-node": "^3.972.4",
				"@aws-sdk/middleware-bucket-endpoint": "^3.972.3",
				"@aws-sdk/middleware-expect-continue": "^3.972.3",
				"@aws-sdk/middleware-flexible-checksums": "^3.972.3",
				"@aws-sdk/middleware-host-header": "^3.972.3",
				"@aws-sdk/middleware-location-constraint": "^3.972.3",
				"@aws-sdk/middleware-logger": "^3.972.3",
				"@aws-sdk/middleware-recursion-detection": "^3.972.3",
				"@aws-sdk/middleware-sdk-s3": "^3.972.5",
				"@aws-sdk/middleware-ssec": "^3.972.3",
				"@aws-sdk/middleware-user-agent": "^3.972.5",
				"@aws-sdk/region-config-resolver": "^3.972.3",
				"@aws-sdk/signature-v4-multi-region": "3.980.0",
				"@aws-sdk/types": "^3.973.1",
				"@aws-sdk/util-endpoints": "3.980.0",
				"@aws-sdk/util-user-agent-browser": "^3.972.3",
				"@aws-sdk/util-user-agent-node": "^3.972.3",
				"@smithy/config-resolver": "^4.4.6",
				"@smithy/core": "^3.22.0",
				"@smithy/eventstream-serde-browser": "^4.2.8",
				"@smithy/eventstream-serde-config-resolver": "^4.3.8",
				"@smithy/eventstream-serde-node": "^4.2.8",
				"@smithy/fetch-http-handler": "^5.3.9",
				"@smithy/hash-blob-browser": "^4.2.9",
				"@smithy/hash-node": "^4.2.8",
				"@smithy/hash-stream-node": "^4.2.8",
				"@smithy/invalid-dependency": "^4.2.8",
				"@smithy/md5-js": "^4.2.8",
				"@smithy/middleware-content-length": "^4.2.8",
				"@smithy/middleware-endpoint": "^4.4.12",
				"@smithy/middleware-retry": "^4.4.29",
				"@smithy/middleware-serde": "^4.2.9",
				"@smithy/middleware-stack": "^4.2.8",
				"@smithy/node-config-provider": "^4.3.8",
				"@smithy/node-http-handler": "^4.4.8",
				"@smithy/protocol-http": "^5.3.8",
				"@smithy/smithy-client": "^4.11.1",
				"@smithy/types": "^4.12.0",
				"@smithy/url-parser": "^4.2.8",
				"@smithy/util-base64": "^4.3.0",
				"@smithy/util-body-length-browser": "^4.2.0",
				"@smithy/util-body-length-node": "^4.2.1",
				"@smithy/util-defaults-mode-browser": "^4.3.28",
				"@smithy/util-defaults-mode-node": "^4.2.31",
				"@smithy/util-endpoints": "^3.2.8",
				"@smithy/util-middleware": "^4.2.8",
				"@smithy/util-retry": "^4.2.8",
				"@smithy/util-stream": "^4.5.10",
				"@smithy/util-utf8": "^4.2.0",
				"@smithy/util-waiter": "^4.2.8",
				"tslib": "^2.6.2"
			},
			"engines": {
				"node": ">=20.0.0"
			}
		},
		"node_modules/@aws-sdk/client-sqs": {
			"version": "3.980.0",
			"license": "Apache-2.0",
			"dependencies": {
				"@aws-crypto/sha256-browser": "5.2.0",
				"@aws-crypto/sha256-js": "5.2.0",
				"@aws-sdk/core": "^3.973.5",
				"@aws-sdk/credential-provider-node": "^3.972.4",
				"@aws-sdk/middleware-host-header": "^3.972.3",
				"@aws-sdk/middleware-logger": "^3.972.3",
				"@aws-sdk/middleware-recursion-detection": "^3.972.3",
				"@aws-sdk/middleware-sdk-sqs": "^3.972.5",
				"@aws-sdk/middleware-user-agent": "^3.972.5",
				"@aws-sdk/region-config-resolver": "^3.972.3",
				"@aws-sdk/types": "^3.973.1",
				"@aws-sdk/util-endpoints": "3.980.0",
				"@aws-sdk/util-user-agent-browser": "^3.972.3",
				"@aws-sdk/util-user-agent-node": "^3.972.3",
				"@smithy/config-resolver": "^4.4.6",
				"@smithy/core": "^3.22.0",
				"@smithy/fetch-http-handler": "^5.3.9",
				"@smithy/hash-node": "^4.2.8",
				"@smithy/invalid-dependency": "^4.2.8",
				"@smithy/md5-js": "^4.2.8",
				"@smithy/middleware-content-length": "^4.2.8",
				"@smithy/middleware-endpoint": "^4.4.12",
				"@smithy/middleware-retry": "^4.4.29",
				"@smithy/middleware-serde": "^4.2.9",
				"@smithy/middleware-stack": "^4.2.8",
				"@smithy/node-config-provider": "^4.3.8",
				"@smithy/node-http-handler": "^4.4.8",
				"@smithy/protocol-http": "^5.3.8",
				"@smithy/smithy-client": "^4.11.1",
				"@smithy/types": "^4.12.0",
				"@smithy/url-parser": "^4.2.8",
				"@smithy/util-base64": "^4.3.0",
				"@smithy/util-body-length-browser": "^4.2.0",
				"@smithy/util-body-length-node": "^4.2.1",
				"@smithy/util-defaults-mode-browser": "^4.3.28",
				"@smithy/util-defaults-mode-node": "^4.2.31",
				"@smithy/util-endpoints": "^3.2.8",
				"@smithy/util-middleware": "^4.2.8",
				"@smithy/util-retry": "^4.2.8",
				"@smithy/util-utf8": "^4.2.0",
				"tslib": "^2.6.2"
			},
			"engines": {
				"node": ">=20.0.0"
			}
		},
		"node_modules/@aws-sdk/client-sso": {
			"version": "3.980.0",
			"license": "Apache-2.0",
			"dependencies": {
				"@aws-crypto/sha256-browser": "5.2.0",
				"@aws-crypto/sha256-js": "5.2.0",
				"@aws-sdk/core": "^3.973.5",
				"@aws-sdk/middleware-host-header": "^3.972.3",
				"@aws-sdk/middleware-logger": "^3.972.3",
				"@aws-sdk/middleware-recursion-detection": "^3.972.3",
				"@aws-sdk/middleware-user-agent": "^3.972.5",
				"@aws-sdk/region-config-resolver": "^3.972.3",
				"@aws-sdk/types": "^3.973.1",
				"@aws-sdk/util-endpoints": "3.980.0",
				"@aws-sdk/util-user-agent-browser": "^3.972.3",
				"@aws-sdk/util-user-agent-node": "^3.972.3",
				"@smithy/config-resolver": "^4.4.6",
				"@smithy/core": "^3.22.0",
				"@smithy/fetch-http-handler": "^5.3.9",
				"@smithy/hash-node": "^4.2.8",
				"@smithy/invalid-dependency": "^4.2.8",
				"@smithy/middleware-content-length": "^4.2.8",
				"@smithy/middleware-endpoint": "^4.4.12",
				"@smithy/middleware-retry": "^4.4.29",
				"@smithy/middleware-serde": "^4.2.9",
				"@smithy/middleware-stack": "^4.2.8",
				"@smithy/node-config-provider": "^4.3.8",
				"@smithy/node-http-handler": "^4.4.8",
				"@smithy/protocol-http": "^5.3.8",
				"@smithy/smithy-client": "^4.11.1",
				"@smithy/types": "^4.12.0",
				"@smithy/url-parser": "^4.2.8",
				"@smithy/util-base64": "^4.3.0",
				"@smithy/util-body-length-browser": "^4.2.0",
				"@smithy/util-body-length-node": "^4.2.1",
				"@smithy/util-defaults-mode-browser": "^4.3.28",
				"@smithy/util-defaults-mode-node": "^4.2.31",
				"@smithy/util-endpoints": "^3.2.8",
				"@smithy/util-middleware": "^4.2.8",
				"@smithy/util-retry": "^4.2.8",
				"@smithy/util-utf8": "^4.2.0",
				"tslib": "^2.6.2"
			},
			"engines": {
				"node": ">=20.0.0"
			}
		},
		"node_modules/@aws-sdk/core": {
			"version": "3.973.5",
			"license": "Apache-2.0",
			"dependencies": {
				"@aws-sdk/types": "^3.973.1",
				"@aws-sdk/xml-builder": "^3.972.2",
				"@smithy/core": "^3.22.0",
				"@smithy/node-config-provider": "^4.3.8",
				"@smithy/property-provider": "^4.2.8",
				"@smithy/protocol-http": "^5.3.8",
				"@smithy/signature-v4": "^5.3.8",
				"@smithy/smithy-client": "^4.11.1",
				"@smithy/types": "^4.12.0",
				"@smithy/util-base64": "^4.3.0",
				"@smithy/util-middleware": "^4.2.8",
				"@smithy/util-utf8": "^4.2.0",
				"tslib": "^2.6.2"
			},
			"engines": {
				"node": ">=20.0.0"
			}
		},
		"node_modules/@aws-sdk/crc64-nvme": {
			"version": "3.972.0",
			"license": "Apache-2.0",
			"dependencies": {
				"@smithy/types": "^4.12.0",
				"tslib": "^2.6.2"
			},
			"engines": {
				"node": ">=20.0.0"
			}
		},
		"node_modules/@aws-sdk/credential-provider-env": {
			"version": "3.972.3",
			"license": "Apache-2.0",
			"dependencies": {
				"@aws-sdk/core": "^3.973.5",
				"@aws-sdk/types": "^3.973.1",
				"@smithy/property-provider": "^4.2.8",
				"@smithy/types": "^4.12.0",
				"tslib": "^2.6.2"
			},
			"engines": {
				"node": ">=20.0.0"
			}
		},
		"node_modules/@aws-sdk/credential-provider-http": {
			"version": "3.972.5",
			"license": "Apache-2.0",
			"dependencies": {
				"@aws-sdk/core": "^3.973.5",
				"@aws-sdk/types": "^3.973.1",
				"@smithy/fetch-http-handler": "^5.3.9",
				"@smithy/node-http-handler": "^4.4.8",
				"@smithy/property-provider": "^4.2.8",
				"@smithy/protocol-http": "^5.3.8",
				"@smithy/smithy-client": "^4.11.1",
				"@smithy/types": "^4.12.0",
				"@smithy/util-stream": "^4.5.10",
				"tslib": "^2.6.2"
			},
			"engines": {
				"node": ">=20.0.0"
			}
		},
		"node_modules/@aws-sdk/credential-provider-ini": {
			"version": "3.972.3",
			"license": "Apache-2.0",
			"dependencies": {
				"@aws-sdk/core": "^3.973.5",
				"@aws-sdk/credential-provider-env": "^3.972.3",
				"@aws-sdk/credential-provider-http": "^3.972.5",
				"@aws-sdk/credential-provider-login": "^3.972.3",
				"@aws-sdk/credential-provider-process": "^3.972.3",
				"@aws-sdk/credential-provider-sso": "^3.972.3",
				"@aws-sdk/credential-provider-web-identity": "^3.972.3",
				"@aws-sdk/nested-clients": "3.980.0",
				"@aws-sdk/types": "^3.973.1",
				"@smithy/credential-provider-imds": "^4.2.8",
				"@smithy/property-provider": "^4.2.8",
				"@smithy/shared-ini-file-loader": "^4.4.3",
				"@smithy/types": "^4.12.0",
				"tslib": "^2.6.2"
			},
			"engines": {
				"node": ">=20.0.0"
			}
		},
		"node_modules/@aws-sdk/credential-provider-login": {
			"version": "3.972.3",
			"license": "Apache-2.0",
			"dependencies": {
				"@aws-sdk/core": "^3.973.5",
				"@aws-sdk/nested-clients": "3.980.0",
				"@aws-sdk/types": "^3.973.1",
				"@smithy/property-provider": "^4.2.8",
				"@smithy/protocol-http": "^5.3.8",
				"@smithy/shared-ini-file-loader": "^4.4.3",
				"@smithy/types": "^4.12.0",
				"tslib": "^2.6.2"
			},
			"engines": {
				"node": ">=20.0.0"
			}
		},
		"node_modules/@aws-sdk/credential-provider-node": {
			"version": "3.972.4",
			"license": "Apache-2.0",
			"dependencies": {
				"@aws-sdk/credential-provider-env": "^3.972.3",
				"@aws-sdk/credential-provider-http": "^3.972.5",
				"@aws-sdk/credential-provider-ini": "^3.972.3",
				"@aws-sdk/credential-provider-process": "^3.972.3",
				"@aws-sdk/credential-provider-sso": "^3.972.3",
				"@aws-sdk/credential-provider-web-identity": "^3.972.3",
				"@aws-sdk/types": "^3.973.1",
				"@smithy/credential-provider-imds": "^4.2.8",
				"@smithy/property-provider": "^4.2.8",
				"@smithy/shared-ini-file-loader": "^4.4.3",
				"@smithy/types": "^4.12.0",
				"tslib": "^2.6.2"
			},
			"engines": {
				"node": ">=20.0.0"
			}
		},
		"node_modules/@aws-sdk/credential-provider-process": {
			"version": "3.972.3",
			"license": "Apache-2.0",
			"dependencies": {
				"@aws-sdk/core": "^3.973.5",
				"@aws-sdk/types": "^3.973.1",
				"@smithy/property-provider": "^4.2.8",
				"@smithy/shared-ini-file-loader": "^4.4.3",
				"@smithy/types": "^4.12.0",
				"tslib": "^2.6.2"
			},
			"engines": {
				"node": ">=20.0.0"
			}
		},
		"node_modules/@aws-sdk/credential-provider-sso": {
			"version": "3.972.3",
			"license": "Apache-2.0",
			"dependencies": {
				"@aws-sdk/client-sso": "3.980.0",
				"@aws-sdk/core": "^3.973.5",
				"@aws-sdk/token-providers": "3.980.0",
				"@aws-sdk/types": "^3.973.1",
				"@smithy/property-provider": "^4.2.8",
				"@smithy/shared-ini-file-loader": "^4.4.3",
				"@smithy/types": "^4.12.0",
				"tslib": "^2.6.2"
			},
			"engines": {
				"node": ">=20.0.0"
			}
		},
		"node_modules/@aws-sdk/credential-provider-web-identity": {
			"version": "3.972.3",
			"license": "Apache-2.0",
			"dependencies": {
				"@aws-sdk/core": "^3.973.5",
				"@aws-sdk/nested-clients": "3.980.0",
				"@aws-sdk/types": "^3.973.1",
				"@smithy/property-provider": "^4.2.8",
				"@smithy/shared-ini-file-loader": "^4.4.3",
				"@smithy/types": "^4.12.0",
				"tslib": "^2.6.2"
			},
			"engines": {
				"node": ">=20.0.0"
			}
		},
		"node_modules/@aws-sdk/middleware-bucket-endpoint": {
			"version": "3.972.3",
			"license": "Apache-2.0",
			"dependencies": {
				"@aws-sdk/types": "^3.973.1",
				"@aws-sdk/util-arn-parser": "^3.972.2",
				"@smithy/node-config-provider": "^4.3.8",
				"@smithy/protocol-http": "^5.3.8",
				"@smithy/types": "^4.12.0",
				"@smithy/util-config-provider": "^4.2.0",
				"tslib": "^2.6.2"
			},
			"engines": {
				"node": ">=20.0.0"
			}
		},
		"node_modules/@aws-sdk/middleware-expect-continue": {
			"version": "3.972.3",
			"license": "Apache-2.0",
			"dependencies": {
				"@aws-sdk/types": "^3.973.1",
				"@smithy/protocol-http": "^5.3.8",
				"@smithy/types": "^4.12.0",
				"tslib": "^2.6.2"
			},
			"engines": {
				"node": ">=20.0.0"
			}
		},
		"node_modules/@aws-sdk/middleware-flexible-checksums": {
			"version": "3.972.3",
			"license": "Apache-2.0",
			"dependencies": {
				"@aws-crypto/crc32": "5.2.0",
				"@aws-crypto/crc32c": "5.2.0",
				"@aws-crypto/util": "5.2.0",
				"@aws-sdk/core": "^3.973.5",
				"@aws-sdk/crc64-nvme": "3.972.0",
				"@aws-sdk/types": "^3.973.1",
				"@smithy/is-array-buffer": "^4.2.0",
				"@smithy/node-config-provider": "^4.3.8",
				"@smithy/protocol-http": "^5.3.8",
				"@smithy/types": "^4.12.0",
				"@smithy/util-middleware": "^4.2.8",
				"@smithy/util-stream": "^4.5.10",
				"@smithy/util-utf8": "^4.2.0",
				"tslib": "^2.6.2"
			},
			"engines": {
				"node": ">=20.0.0"
			}
		},
		"node_modules/@aws-sdk/middleware-host-header": {
			"version": "3.972.3",
			"license": "Apache-2.0",
			"dependencies": {
				"@aws-sdk/types": "^3.973.1",
				"@smithy/protocol-http": "^5.3.8",
				"@smithy/types": "^4.12.0",
				"tslib": "^2.6.2"
			},
			"engines": {
				"node": ">=20.0.0"
			}
		},
		"node_modules/@aws-sdk/middleware-location-constraint": {
			"version": "3.972.3",
			"license": "Apache-2.0",
			"dependencies": {
				"@aws-sdk/types": "^3.973.1",
				"@smithy/types": "^4.12.0",
				"tslib": "^2.6.2"
			},
			"engines": {
				"node": ">=20.0.0"
			}
		},
		"node_modules/@aws-sdk/middleware-logger": {
			"version": "3.972.3",
			"license": "Apache-2.0",
			"dependencies": {
				"@aws-sdk/types": "^3.973.1",
				"@smithy/types": "^4.12.0",
				"tslib": "^2.6.2"
			},
			"engines": {
				"node": ">=20.0.0"
			}
		},
		"node_modules/@aws-sdk/middleware-recursion-detection": {
			"version": "3.972.3",
			"license": "Apache-2.0",
			"dependencies": {
				"@aws-sdk/types": "^3.973.1",
				"@aws/lambda-invoke-store": "^0.2.2",
				"@smithy/protocol-http": "^5.3.8",
				"@smithy/types": "^4.12.0",
				"tslib": "^2.6.2"
			},
			"engines": {
				"node": ">=20.0.0"
			}
		},
		"node_modules/@aws-sdk/middleware-sdk-s3": {
			"version": "3.972.5",
			"license": "Apache-2.0",
			"dependencies": {
				"@aws-sdk/core": "^3.973.5",
				"@aws-sdk/types": "^3.973.1",
				"@aws-sdk/util-arn-parser": "^3.972.2",
				"@smithy/core": "^3.22.0",
				"@smithy/node-config-provider": "^4.3.8",
				"@smithy/protocol-http": "^5.3.8",
				"@smithy/signature-v4": "^5.3.8",
				"@smithy/smithy-client": "^4.11.1",
				"@smithy/types": "^4.12.0",
				"@smithy/util-config-provider": "^4.2.0",
				"@smithy/util-middleware": "^4.2.8",
				"@smithy/util-stream": "^4.5.10",
				"@smithy/util-utf8": "^4.2.0",
				"tslib": "^2.6.2"
			},
			"engines": {
				"node": ">=20.0.0"
			}
		},
		"node_modules/@aws-sdk/middleware-sdk-sqs": {
			"version": "3.972.5",
			"license": "Apache-2.0",
			"dependencies": {
				"@aws-sdk/types": "^3.973.1",
				"@smithy/smithy-client": "^4.11.1",
				"@smithy/types": "^4.12.0",
				"@smithy/util-hex-encoding": "^4.2.0",
				"@smithy/util-utf8": "^4.2.0",
				"tslib": "^2.6.2"
			},
			"engines": {
				"node": ">=20.0.0"
			}
		},
		"node_modules/@aws-sdk/middleware-ssec": {
			"version": "3.972.3",
			"license": "Apache-2.0",
			"dependencies": {
				"@aws-sdk/types": "^3.973.1",
				"@smithy/types": "^4.12.0",
				"tslib": "^2.6.2"
			},
			"engines": {
				"node": ">=20.0.0"
			}
		},
		"node_modules/@aws-sdk/middleware-user-agent": {
			"version": "3.972.5",
			"license": "Apache-2.0",
			"dependencies": {
				"@aws-sdk/core": "^3.973.5",
				"@aws-sdk/types": "^3.973.1",
				"@aws-sdk/util-endpoints": "3.980.0",
				"@smithy/core": "^3.22.0",
				"@smithy/protocol-http": "^5.3.8",
				"@smithy/types": "^4.12.0",
				"tslib": "^2.6.2"
			},
			"engines": {
				"node": ">=20.0.0"
			}
		},
		"node_modules/@aws-sdk/nested-clients": {
			"version": "3.980.0",
			"license": "Apache-2.0",
			"dependencies": {
				"@aws-crypto/sha256-browser": "5.2.0",
				"@aws-crypto/sha256-js": "5.2.0",
				"@aws-sdk/core": "^3.973.5",
				"@aws-sdk/middleware-host-header": "^3.972.3",
				"@aws-sdk/middleware-logger": "^3.972.3",
				"@aws-sdk/middleware-recursion-detection": "^3.972.3",
				"@aws-sdk/middleware-user-agent": "^3.972.5",
				"@aws-sdk/region-config-resolver": "^3.972.3",
				"@aws-sdk/types": "^3.973.1",
				"@aws-sdk/util-endpoints": "3.980.0",
				"@aws-sdk/util-user-agent-browser": "^3.972.3",
				"@aws-sdk/util-user-agent-node": "^3.972.3",
				"@smithy/config-resolver": "^4.4.6",
				"@smithy/core": "^3.22.0",
				"@smithy/fetch-http-handler": "^5.3.9",
				"@smithy/hash-node": "^4.2.8",
				"@smithy/invalid-dependency": "^4.2.8",
				"@smithy/middleware-content-length": "^4.2.8",
				"@smithy/middleware-endpoint": "^4.4.12",
				"@smithy/middleware-retry": "^4.4.29",
				"@smithy/middleware-serde": "^4.2.9",
				"@smithy/middleware-stack": "^4.2.8",
				"@smithy/node-config-provider": "^4.3.8",
				"@smithy/node-http-handler": "^4.4.8",
				"@smithy/protocol-http": "^5.3.8",
				"@smithy/smithy-client": "^4.11.1",
				"@smithy/types": "^4.12.0",
				"@smithy/url-parser": "^4.2.8",
				"@smithy/util-base64": "^4.3.0",
				"@smithy/util-body-length-browser": "^4.2.0",
				"@smithy/util-body-length-node": "^4.2.1",
				"@smithy/util-defaults-mode-browser": "^4.3.28",
				"@smithy/util-defaults-mode-node": "^4.2.31",
				"@smithy/util-endpoints": "^3.2.8",
				"@smithy/util-middleware": "^4.2.8",
				"@smithy/util-retry": "^4.2.8",
				"@smithy/util-utf8": "^4.2.0",
				"tslib": "^2.6.2"
			},
			"engines": {
				"node": ">=20.0.0"
			}
		},
		"node_modules/@aws-sdk/region-config-resolver": {
			"version": "3.972.3",
			"license": "Apache-2.0",
			"dependencies": {
				"@aws-sdk/types": "^3.973.1",
				"@smithy/config-resolver": "^4.4.6",
				"@smithy/node-config-provider": "^4.3.8",
				"@smithy/types": "^4.12.0",
				"tslib": "^2.6.2"
			},
			"engines": {
				"node": ">=20.0.0"
			}
		},
		"node_modules/@aws-sdk/signature-v4-multi-region": {
			"version": "3.980.0",
			"license": "Apache-2.0",
			"dependencies": {
				"@aws-sdk/middleware-sdk-s3": "^3.972.5",
				"@aws-sdk/types": "^3.973.1",
				"@smithy/protocol-http": "^5.3.8",
				"@smithy/signature-v4": "^5.3.8",
				"@smithy/types": "^4.12.0",
				"tslib": "^2.6.2"
			},
			"engines": {
				"node": ">=20.0.0"
			}
		},
		"node_modules/@aws-sdk/token-providers": {
			"version": "3.980.0",
			"license": "Apache-2.0",
			"dependencies": {
				"@aws-sdk/core": "^3.973.5",
				"@aws-sdk/nested-clients": "3.980.0",
				"@aws-sdk/types": "^3.973.1",
				"@smithy/property-provider": "^4.2.8",
				"@smithy/shared-ini-file-loader": "^4.4.3",
				"@smithy/types": "^4.12.0",
				"tslib": "^2.6.2"
			},
			"engines": {
				"node": ">=20.0.0"
			}
		},
		"node_modules/@aws-sdk/types": {
			"version": "3.973.1",
			"license": "Apache-2.0",
			"dependencies": {
				"@smithy/types": "^4.12.0",
				"tslib": "^2.6.2"
			},
			"engines": {
				"node": ">=20.0.0"
			}
		},
		"node_modules/@aws-sdk/util-arn-parser": {
			"version": "3.972.2",
			"license": "Apache-2.0",
			"dependencies": {
				"tslib": "^2.6.2"
			},
			"engines": {
				"node": ">=20.0.0"
			}
		},
		"node_modules/@aws-sdk/util-endpoints": {
			"version": "3.980.0",
			"license": "Apache-2.0",
			"dependencies": {
				"@aws-sdk/types": "^3.973.1",
				"@smithy/types": "^4.12.0",
				"@smithy/url-parser": "^4.2.8",
				"@smithy/util-endpoints": "^3.2.8",
				"tslib": "^2.6.2"
			},
			"engines": {
				"node": ">=20.0.0"
			}
		},
		"node_modules/@aws-sdk/util-locate-window": {
			"version": "3.965.4",
			"license": "Apache-2.0",
			"dependencies": {
				"tslib": "^2.6.2"
			},
			"engines": {
				"node": ">=20.0.0"
			}
		},
		"node_modules/@aws-sdk/util-user-agent-browser": {
			"version": "3.972.3",
			"license": "Apache-2.0",
			"dependencies": {
				"@aws-sdk/types": "^3.973.1",
				"@smithy/types": "^4.12.0",
				"bowser": "^2.11.0",
				"tslib": "^2.6.2"
			}
		},
		"node_modules/@aws-sdk/util-user-agent-node": {
			"version": "3.972.3",
			"license": "Apache-2.0",
			"dependencies": {
				"@aws-sdk/middleware-user-agent": "^3.972.5",
				"@aws-sdk/types": "^3.973.1",
				"@smithy/node-config-provider": "^4.3.8",
				"@smithy/types": "^4.12.0",
				"tslib": "^2.6.2"
			},
			"engines": {
				"node": ">=20.0.0"
			},
			"peerDependencies": {
				"aws-crt": ">=1.0.0"
			},
			"peerDependenciesMeta": {
				"aws-crt": {
					"optional": true
				}
			}
		},
		"node_modules/@aws-sdk/xml-builder": {
			"version": "3.972.2",
			"license": "Apache-2.0",
			"dependencies": {
				"@smithy/types": "^4.12.0",
				"fast-xml-parser": "5.2.5",
				"tslib": "^2.6.2"
			},
			"engines": {
				"node": ">=20.0.0"
			}
		},
		"node_modules/@aws/lambda-invoke-store": {
			"version": "0.2.3",
			"license": "Apache-2.0",
			"engines": {
				"node": ">=18.0.0"
			}
		},
		"node_modules/@derhuerst/http-basic": {
			"version": "8.2.4",
			"license": "MIT",
			"dependencies": {
				"caseless": "^0.12.0",
				"concat-stream": "^2.0.0",
				"http-response-object": "^3.0.1",
				"parse-cache-control": "^1.0.1"
			},
			"engines": {
				"node": ">=6.0.0"
			}
		},
		"node_modules/@ioredis/commands": {
			"version": "1.5.0",
			"license": "MIT"
		},
		"node_modules/@smithy/abort-controller": {
			"version": "4.2.8",
			"license": "Apache-2.0",
			"dependencies": {
				"@smithy/types": "^4.12.0",
				"tslib": "^2.6.2"
			},
			"engines": {
				"node": ">=18.0.0"
			}
		},
		"node_modules/@smithy/chunked-blob-reader": {
			"version": "5.2.0",
			"license": "Apache-2.0",
			"dependencies": {
				"tslib": "^2.6.2"
			},
			"engines": {
				"node": ">=18.0.0"
			}
		},
		"node_modules/@smithy/chunked-blob-reader-native": {
			"version": "4.2.1",
			"license": "Apache-2.0",
			"dependencies": {
				"@smithy/util-base64": "^4.3.0",
				"tslib": "^2.6.2"
			},
			"engines": {
				"node": ">=18.0.0"
			}
		},
		"node_modules/@smithy/config-resolver": {
			"version": "4.4.6",
			"license": "Apache-2.0",
			"dependencies": {
				"@smithy/node-config-provider": "^4.3.8",
				"@smithy/types": "^4.12.0",
				"@smithy/util-config-provider": "^4.2.0",
				"@smithy/util-endpoints": "^3.2.8",
				"@smithy/util-middleware": "^4.2.8",
				"tslib": "^2.6.2"
			},
			"engines": {
				"node": ">=18.0.0"
			}
		},
		"node_modules/@smithy/core": {
			"version": "3.22.0",
			"license": "Apache-2.0",
			"dependencies": {
				"@smithy/middleware-serde": "^4.2.9",
				"@smithy/protocol-http": "^5.3.8",
				"@smithy/types": "^4.12.0",
				"@smithy/util-base64": "^4.3.0",
				"@smithy/util-body-length-browser": "^4.2.0",
				"@smithy/util-middleware": "^4.2.8",
				"@smithy/util-stream": "^4.5.10",
				"@smithy/util-utf8": "^4.2.0",
				"@smithy/uuid": "^1.1.0",
				"tslib": "^2.6.2"
			},
			"engines": {
				"node": ">=18.0.0"
			}
		},
		"node_modules/@smithy/credential-provider-imds": {
			"version": "4.2.8",
			"license": "Apache-2.0",
			"dependencies": {
				"@smithy/node-config-provider": "^4.3.8",
				"@smithy/property-provider": "^4.2.8",
				"@smithy/types": "^4.12.0",
				"@smithy/url-parser": "^4.2.8",
				"tslib": "^2.6.2"
			},
			"engines": {
				"node": ">=18.0.0"
			}
		},
		"node_modules/@smithy/eventstream-codec": {
			"version": "4.2.8",
			"license": "Apache-2.0",
			"dependencies": {
				"@aws-crypto/crc32": "5.2.0",
				"@smithy/types": "^4.12.0",
				"@smithy/util-hex-encoding": "^4.2.0",
				"tslib": "^2.6.2"
			},
			"engines": {
				"node": ">=18.0.0"
			}
		},
		"node_modules/@smithy/eventstream-serde-browser": {
			"version": "4.2.8",
			"license": "Apache-2.0",
			"dependencies": {
				"@smithy/eventstream-serde-universal": "^4.2.8",
				"@smithy/types": "^4.12.0",
				"tslib": "^2.6.2"
			},
			"engines": {
				"node": ">=18.0.0"
			}
		},
		"node_modules/@smithy/eventstream-serde-config-resolver": {
			"version": "4.3.8",
			"license": "Apache-2.0",
			"dependencies": {
				"@smithy/types": "^4.12.0",
				"tslib": "^2.6.2"
			},
			"engines": {
				"node": ">=18.0.0"
			}
		},
		"node_modules/@smithy/eventstream-serde-node": {
			"version": "4.2.8",
			"license": "Apache-2.0",
			"dependencies": {
				"@smithy/eventstream-serde-universal": "^4.2.8",
				"@smithy/types": "^4.12.0",
				"tslib": "^2.6.2"
			},
			"engines": {
				"node": ">=18.0.0"
			}
		},
		"node_modules/@smithy/eventstream-serde-universal": {
			"version": "4.2.8",
			"license": "Apache-2.0",
			"dependencies": {
				"@smithy/eventstream-codec": "^4.2.8",
				"@smithy/types": "^4.12.0",
				"tslib": "^2.6.2"
			},
			"engines": {
				"node": ">=18.0.0"
			}
		},
		"node_modules/@smithy/fetch-http-handler": {
			"version": "5.3.9",
			"license": "Apache-2.0",
			"dependencies": {
				"@smithy/protocol-http": "^5.3.8",
				"@smithy/querystring-builder": "^4.2.8",
				"@smithy/types": "^4.12.0",
				"@smithy/util-base64": "^4.3.0",
				"tslib": "^2.6.2"
			},
			"engines": {
				"node": ">=18.0.0"
			}
		},
		"node_modules/@smithy/hash-blob-browser": {
			"version": "4.2.9",
			"license": "Apache-2.0",
			"dependencies": {
				"@smithy/chunked-blob-reader": "^5.2.0",
				"@smithy/chunked-blob-reader-native": "^4.2.1",
				"@smithy/types": "^4.12.0",
				"tslib": "^2.6.2"
			},
			"engines": {
				"node": ">=18.0.0"
			}
		},
		"node_modules/@smithy/hash-node": {
			"version": "4.2.8",
			"license": "Apache-2.0",
			"dependencies": {
				"@smithy/types": "^4.12.0",
				"@smithy/util-buffer-from": "^4.2.0",
				"@smithy/util-utf8": "^4.2.0",
				"tslib": "^2.6.2"
			},
			"engines": {
				"node": ">=18.0.0"
			}
		},
		"node_modules/@smithy/hash-stream-node": {
			"version": "4.2.8",
			"license": "Apache-2.0",
			"dependencies": {
				"@smithy/types": "^4.12.0",
				"@smithy/util-utf8": "^4.2.0",
				"tslib": "^2.6.2"
			},
			"engines": {
				"node": ">=18.0.0"
			}
		},
		"node_modules/@smithy/invalid-dependency": {
			"version": "4.2.8",
			"license": "Apache-2.0",
			"dependencies": {
				"@smithy/types": "^4.12.0",
				"tslib": "^2.6.2"
			},
			"engines": {
				"node": ">=18.0.0"
			}
		},
		"node_modules/@smithy/is-array-buffer": {
			"version": "4.2.0",
			"license": "Apache-2.0",
			"dependencies": {
				"tslib": "^2.6.2"
			},
			"engines": {
				"node": ">=18.0.0"
			}
		},
		"node_modules/@smithy/md5-js": {
			"version": "4.2.8",
			"license": "Apache-2.0",
			"dependencies": {
				"@smithy/types": "^4.12.0",
				"@smithy/util-utf8": "^4.2.0",
				"tslib": "^2.6.2"
			},
			"engines": {
				"node": ">=18.0.0"
			}
		},
		"node_modules/@smithy/middleware-content-length": {
			"version": "4.2.8",
			"license": "Apache-2.0",
			"dependencies": {
				"@smithy/protocol-http": "^5.3.8",
				"@smithy/types": "^4.12.0",
				"tslib": "^2.6.2"
			},
			"engines": {
				"node": ">=18.0.0"
			}
		},
		"node_modules/@smithy/middleware-endpoint": {
			"version": "4.4.12",
			"license": "Apache-2.0",
			"dependencies": {
				"@smithy/core": "^3.22.0",
				"@smithy/middleware-serde": "^4.2.9",
				"@smithy/node-config-provider": "^4.3.8",
				"@smithy/shared-ini-file-loader": "^4.4.3",
				"@smithy/types": "^4.12.0",
				"@smithy/url-parser": "^4.2.8",
				"@smithy/util-middleware": "^4.2.8",
				"tslib": "^2.6.2"
			},
			"engines": {
				"node": ">=18.0.0"
			}
		},
		"node_modules/@smithy/middleware-retry": {
			"version": "4.4.29",
			"license": "Apache-2.0",
			"dependencies": {
				"@smithy/node-config-provider": "^4.3.8",
				"@smithy/protocol-http": "^5.3.8",
				"@smithy/service-error-classification": "^4.2.8",
				"@smithy/smithy-client": "^4.11.1",
				"@smithy/types": "^4.12.0",
				"@smithy/util-middleware": "^4.2.8",
				"@smithy/util-retry": "^4.2.8",
				"@smithy/uuid": "^1.1.0",
				"tslib": "^2.6.2"
			},
			"engines": {
				"node": ">=18.0.0"
			}
		},
		"node_modules/@smithy/middleware-serde": {
			"version": "4.2.9",
			"license": "Apache-2.0",
			"dependencies": {
				"@smithy/protocol-http": "^5.3.8",
				"@smithy/types": "^4.12.0",
				"tslib": "^2.6.2"
			},
			"engines": {
				"node": ">=18.0.0"
			}
		},
		"node_modules/@smithy/middleware-stack": {
			"version": "4.2.8",
			"license": "Apache-2.0",
			"dependencies": {
				"@smithy/types": "^4.12.0",
				"tslib": "^2.6.2"
			},
			"engines": {
				"node": ">=18.0.0"
			}
		},
		"node_modules/@smithy/node-config-provider": {
			"version": "4.3.8",
			"license": "Apache-2.0",
			"dependencies": {
				"@smithy/property-provider": "^4.2.8",
				"@smithy/shared-ini-file-loader": "^4.4.3",
				"@smithy/types": "^4.12.0",
				"tslib": "^2.6.2"
			},
			"engines": {
				"node": ">=18.0.0"
			}
		},
		"node_modules/@smithy/node-http-handler": {
			"version": "4.4.8",
			"license": "Apache-2.0",
			"dependencies": {
				"@smithy/abort-controller": "^4.2.8",
				"@smithy/protocol-http": "^5.3.8",
				"@smithy/querystring-builder": "^4.2.8",
				"@smithy/types": "^4.12.0",
				"tslib": "^2.6.2"
			},
			"engines": {
				"node": ">=18.0.0"
			}
		},
		"node_modules/@smithy/property-provider": {
			"version": "4.2.8",
			"license": "Apache-2.0",
			"dependencies": {
				"@smithy/types": "^4.12.0",
				"tslib": "^2.6.2"
			},
			"engines": {
				"node": ">=18.0.0"
			}
		},
		"node_modules/@smithy/protocol-http": {
			"version": "5.3.8",
			"license": "Apache-2.0",
			"dependencies": {
				"@smithy/types": "^4.12.0",
				"tslib": "^2.6.2"
			},
			"engines": {
				"node": ">=18.0.0"
			}
		},
		"node_modules/@smithy/querystring-builder": {
			"version": "4.2.8",
			"license": "Apache-2.0",
			"dependencies": {
				"@smithy/types": "^4.12.0",
				"@smithy/util-uri-escape": "^4.2.0",
				"tslib": "^2.6.2"
			},
			"engines": {
				"node": ">=18.0.0"
			}
		},
		"node_modules/@smithy/querystring-parser": {
			"version": "4.2.8",
			"license": "Apache-2.0",
			"dependencies": {
				"@smithy/types": "^4.12.0",
				"tslib": "^2.6.2"
			},
			"engines": {
				"node": ">=18.0.0"
			}
		},
		"node_modules/@smithy/service-error-classification": {
			"version": "4.2.8",
			"license": "Apache-2.0",
			"dependencies": {
				"@smithy/types": "^4.12.0"
			},
			"engines": {
				"node": ">=18.0.0"
			}
		},
		"node_modules/@smithy/shared-ini-file-loader": {
			"version": "4.4.3",
			"license": "Apache-2.0",
			"dependencies": {
				"@smithy/types": "^4.12.0",
				"tslib": "^2.6.2"
			},
			"engines": {
				"node": ">=18.0.0"
			}
		},
		"node_modules/@smithy/signature-v4": {
			"version": "5.3.8",
			"license": "Apache-2.0",
			"dependencies": {
				"@smithy/is-array-buffer": "^4.2.0",
				"@smithy/protocol-http": "^5.3.8",
				"@smithy/types": "^4.12.0",
				"@smithy/util-hex-encoding": "^4.2.0",
				"@smithy/util-middleware": "^4.2.8",
				"@smithy/util-uri-escape": "^4.2.0",
				"@smithy/util-utf8": "^4.2.0",
				"tslib": "^2.6.2"
			},
			"engines": {
				"node": ">=18.0.0"
			}
		},
		"node_modules/@smithy/smithy-client": {
			"version": "4.11.1",
			"license": "Apache-2.0",
			"dependencies": {
				"@smithy/core": "^3.22.0",
				"@smithy/middleware-endpoint": "^4.4.12",
				"@smithy/middleware-stack": "^4.2.8",
				"@smithy/protocol-http": "^5.3.8",
				"@smithy/types": "^4.12.0",
				"@smithy/util-stream": "^4.5.10",
				"tslib": "^2.6.2"
			},
			"engines": {
				"node": ">=18.0.0"
			}
		},
		"node_modules/@smithy/types": {
			"version": "4.12.0",
			"license": "Apache-2.0",
			"dependencies": {
				"tslib": "^2.6.2"
			},
			"engines": {
				"node": ">=18.0.0"
			}
		},
		"node_modules/@smithy/url-parser": {
			"version": "4.2.8",
			"license": "Apache-2.0",
			"dependencies": {
				"@smithy/querystring-parser": "^4.2.8",
				"@smithy/types": "^4.12.0",
				"tslib": "^2.6.2"
			},
			"engines": {
				"node": ">=18.0.0"
			}
		},
		"node_modules/@smithy/util-base64": {
			"version": "4.3.0",
			"license": "Apache-2.0",
			"dependencies": {
				"@smithy/util-buffer-from": "^4.2.0",
				"@smithy/util-utf8": "^4.2.0",
				"tslib": "^2.6.2"
			},
			"engines": {
				"node": ">=18.0.0"
			}
		},
		"node_modules/@smithy/util-body-length-browser": {
			"version": "4.2.0",
			"license": "Apache-2.0",
			"dependencies": {
				"tslib": "^2.6.2"
			},
			"engines": {
				"node": ">=18.0.0"
			}
		},
		"node_modules/@smithy/util-body-length-node": {
			"version": "4.2.1",
			"license": "Apache-2.0",
			"dependencies": {
				"tslib": "^2.6.2"
			},
			"engines": {
				"node": ">=18.0.0"
			}
		},
		"node_modules/@smithy/util-buffer-from": {
			"version": "4.2.0",
			"license": "Apache-2.0",
			"dependencies": {
				"@smithy/is-array-buffer": "^4.2.0",
				"tslib": "^2.6.2"
			},
			"engines": {
				"node": ">=18.0.0"
			}
		},
		"node_modules/@smithy/util-config-provider": {
			"version": "4.2.0",
			"license": "Apache-2.0",
			"dependencies": {
				"tslib": "^2.6.2"
			},
			"engines": {
				"node": ">=18.0.0"
			}
		},
		"node_modules/@smithy/util-defaults-mode-browser": {
			"version": "4.3.28",
			"license": "Apache-2.0",
			"dependencies": {
				"@smithy/property-provider": "^4.2.8",
				"@smithy/smithy-client": "^4.11.1",
				"@smithy/types": "^4.12.0",
				"tslib": "^2.6.2"
			},
			"engines": {
				"node": ">=18.0.0"
			}
		},
		"node_modules/@smithy/util-defaults-mode-node": {
			"version": "4.2.31",
			"license": "Apache-2.0",
			"dependencies": {
				"@smithy/config-resolver": "^4.4.6",
				"@smithy/credential-provider-imds": "^4.2.8",
				"@smithy/node-config-provider": "^4.3.8",
				"@smithy/property-provider": "^4.2.8",
				"@smithy/smithy-client": "^4.11.1",
				"@smithy/types": "^4.12.0",
				"tslib": "^2.6.2"
			},
			"engines": {
				"node": ">=18.0.0"
			}
		},
		"node_modules/@smithy/util-endpoints": {
			"version": "3.2.8",
			"license": "Apache-2.0",
			"dependencies": {
				"@smithy/node-config-provider": "^4.3.8",
				"@smithy/types": "^4.12.0",
				"tslib": "^2.6.2"
			},
			"engines": {
				"node": ">=18.0.0"
			}
		},
		"node_modules/@smithy/util-hex-encoding": {
			"version": "4.2.0",
			"license": "Apache-2.0",
			"dependencies": {
				"tslib": "^2.6.2"
			},
			"engines": {
				"node": ">=18.0.0"
			}
		},
		"node_modules/@smithy/util-middleware": {
			"version": "4.2.8",
			"license": "Apache-2.0",
			"dependencies": {
				"@smithy/types": "^4.12.0",
				"tslib": "^2.6.2"
			},
			"engines": {
				"node": ">=18.0.0"
			}
		},
		"node_modules/@smithy/util-retry": {
			"version": "4.2.8",
			"license": "Apache-2.0",
			"dependencies": {
				"@smithy/service-error-classification": "^4.2.8",
				"@smithy/types": "^4.12.0",
				"tslib": "^2.6.2"
			},
			"engines": {
				"node": ">=18.0.0"
			}
		},
		"node_modules/@smithy/util-stream": {
			"version": "4.5.10",
			"license": "Apache-2.0",
			"dependencies": {
				"@smithy/fetch-http-handler": "^5.3.9",
				"@smithy/node-http-handler": "^4.4.8",
				"@smithy/types": "^4.12.0",
				"@smithy/util-base64": "^4.3.0",
				"@smithy/util-buffer-from": "^4.2.0",
				"@smithy/util-hex-encoding": "^4.2.0",
				"@smithy/util-utf8": "^4.2.0",
				"tslib": "^2.6.2"
			},
			"engines": {
				"node": ">=18.0.0"
			}
		},
		"node_modules/@smithy/util-uri-escape": {
			"version": "4.2.0",
			"license": "Apache-2.0",
			"dependencies": {
				"tslib": "^2.6.2"
			},
			"engines": {
				"node": ">=18.0.0"
			}
		},
		"node_modules/@smithy/util-utf8": {
			"version": "4.2.0",
			"license": "Apache-2.0",
			"dependencies": {
				"@smithy/util-buffer-from": "^4.2.0",
				"tslib": "^2.6.2"
			},
			"engines": {
				"node": ">=18.0.0"
			}
		},
		"node_modules/@smithy/util-waiter": {
			"version": "4.2.8",
			"license": "Apache-2.0",
			"dependencies": {
				"@smithy/abort-controller": "^4.2.8",
				"@smithy/types": "^4.12.0",
				"tslib": "^2.6.2"
			},
			"engines": {
				"node": ">=18.0.0"
			}
		},
		"node_modules/@smithy/uuid": {
			"version": "1.1.0",
			"license": "Apache-2.0",
			"dependencies": {
				"tslib": "^2.6.2"
			},
			"engines": {
				"node": ">=18.0.0"
			}
		},
		"node_modules/@types/bun": {
			"version": "1.3.8",
			"resolved": "https://registry.npmjs.org/@types/bun/-/bun-1.3.8.tgz",
			"integrity": "sha512-3LvWJ2q5GerAXYxO2mffLTqOzEu5qnhEAlh48Vnu8WQfnmSwbgagjGZV6BoHKJztENYEDn6QmVd949W4uESRJA==",
			"dev": true,
			"license": "MIT",
			"dependencies": {
				"bun-types": "1.3.8"
			}
		},
		"node_modules/@types/fluent-ffmpeg": {
			"version": "2.1.28",
			"license": "MIT",
			"dependencies": {
				"@types/node": "*"
			}
		},
		"node_modules/@types/node": {
			"version": "25.1.0",
			"license": "MIT",
			"dependencies": {
				"undici-types": "~7.16.0"
			}
		},
		"node_modules/@types/uuid": {
			"version": "11.0.0",
			"deprecated": "This is a stub types definition. uuid provides its own type definitions, so you do not need this installed.",
			"license": "MIT",
			"dependencies": {
				"uuid": "*"
			}
		},
		"node_modules/agent-base": {
			"version": "6.0.2",
			"license": "MIT",
			"dependencies": {
				"debug": "4"
			},
			"engines": {
				"node": ">= 6.0.0"
			}
		},
		"node_modules/async": {
			"version": "0.2.10"
		},
		"node_modules/bowser": {
			"version": "2.13.1",
			"license": "MIT"
		},
		"node_modules/buffer-from": {
			"version": "1.1.2",
			"license": "MIT"
		},
		"node_modules/bun-types": {
			"version": "1.3.8",
			"dev": true,
			"license": "MIT",
			"dependencies": {
				"@types/node": "*"
			}
		},
		"node_modules/caseless": {
			"version": "0.12.0",
			"license": "Apache-2.0"
		},
		"node_modules/cluster-key-slot": {
			"version": "1.1.2",
			"license": "Apache-2.0",
			"engines": {
				"node": ">=0.10.0"
			}
		},
		"node_modules/concat-stream": {
			"version": "2.0.0",
			"engines": [
				"node >= 6.0"
			],
			"license": "MIT",
			"dependencies": {
				"buffer-from": "^1.0.0",
				"inherits": "^2.0.3",
				"readable-stream": "^3.0.2",
				"typedarray": "^0.0.6"
			}
		},
		"node_modules/debug": {
			"version": "4.4.3",
			"license": "MIT",
			"dependencies": {
				"ms": "^2.1.3"
			},
			"engines": {
				"node": ">=6.0"
			},
			"peerDependenciesMeta": {
				"supports-color": {
					"optional": true
				}
			}
		},
		"node_modules/denque": {
			"version": "2.1.0",
			"license": "Apache-2.0",
			"engines": {
				"node": ">=0.10"
			}
		},
		"node_modules/dotenv": {
			"version": "17.2.3",
			"license": "BSD-2-Clause",
			"engines": {
				"node": ">=12"
			},
			"funding": {
				"url": "https://dotenvx.com"
			}
		},
		"node_modules/env-paths": {
			"version": "2.2.1",
			"license": "MIT",
			"engines": {
				"node": ">=6"
			}
		},
		"node_modules/fast-xml-parser": {
			"version": "5.2.5",
			"funding": [
				{
					"type": "github",
					"url": "https://github.com/sponsors/NaturalIntelligence"
				}
			],
			"license": "MIT",
			"dependencies": {
				"strnum": "^2.1.0"
			},
			"bin": {
				"fxparser": "src/cli/cli.js"
			}
		},
		"node_modules/ffmpeg-static": {
			"version": "5.3.0",
			"hasInstallScript": true,
			"license": "GPL-3.0-or-later",
			"dependencies": {
				"@derhuerst/http-basic": "^8.2.0",
				"env-paths": "^2.2.0",
				"https-proxy-agent": "^5.0.0",
				"progress": "^2.0.3"
			},
			"engines": {
				"node": ">=16"
			}
		},
		"node_modules/fluent-ffmpeg": {
			"version": "2.1.3",
			"license": "MIT",
			"dependencies": {
				"async": "^0.2.9",
				"which": "^1.1.1"
			},
			"engines": {
				"node": ">=18"
			}
		},
		"node_modules/http-response-object": {
			"version": "3.0.2",
			"license": "MIT",
			"dependencies": {
				"@types/node": "^10.0.3"
			}
		},
		"node_modules/http-response-object/node_modules/@types/node": {
			"version": "10.17.60",
			"license": "MIT"
		},
		"node_modules/https-proxy-agent": {
			"version": "5.0.1",
			"license": "MIT",
			"dependencies": {
				"agent-base": "6",
				"debug": "4"
			},
			"engines": {
				"node": ">= 6"
			}
		},
		"node_modules/inherits": {
			"version": "2.0.4",
			"license": "ISC"
		},
		"node_modules/ioredis": {
			"version": "5.9.2",
			"license": "MIT",
			"dependencies": {
				"@ioredis/commands": "1.5.0",
				"cluster-key-slot": "^1.1.0",
				"debug": "^4.3.4",
				"denque": "^2.1.0",
				"lodash.defaults": "^4.2.0",
				"lodash.isarguments": "^3.1.0",
				"redis-errors": "^1.2.0",
				"redis-parser": "^3.0.0",
				"standard-as-callback": "^2.1.0"
			},
			"engines": {
				"node": ">=12.22.0"
			},
			"funding": {
				"type": "opencollective",
				"url": "https://opencollective.com/ioredis"
			}
		},
		"node_modules/isexe": {
			"version": "2.0.0",
			"license": "ISC"
		},
		"node_modules/lodash.defaults": {
			"version": "4.2.0",
			"license": "MIT"
		},
		"node_modules/lodash.isarguments": {
			"version": "3.1.0",
			"license": "MIT"
		},
		"node_modules/ms": {
			"version": "2.1.3",
			"license": "MIT"
		},
		"node_modules/openai": {
			"version": "6.17.0",
			"license": "Apache-2.0",
			"bin": {
				"openai": "bin/cli"
			},
			"peerDependencies": {
				"ws": "^8.18.0",
				"zod": "^3.25 || ^4.0"
			},
			"peerDependenciesMeta": {
				"ws": {
					"optional": true
				},
				"zod": {
					"optional": true
				}
			}
		},
		"node_modules/parse-cache-control": {
			"version": "1.0.1"
		},
		"node_modules/postgres": {
			"version": "3.4.8",
			"resolved": "https://registry.npmjs.org/postgres/-/postgres-3.4.8.tgz",
			"integrity": "sha512-d+JFcLM17njZaOLkv6SCev7uoLaBtfK86vMUXhW1Z4glPWh4jozno9APvW/XKFJ3CCxVoC7OL38BqRydtu5nGg==",
			"license": "Unlicense",
			"engines": {
				"node": ">=12"
			},
			"funding": {
				"type": "individual",
				"url": "https://github.com/sponsors/porsager"
			}
		},
		"node_modules/progress": {
			"version": "2.0.3",
			"license": "MIT",
			"engines": {
				"node": ">=0.4.0"
			}
		},
		"node_modules/readable-stream": {
			"version": "3.6.2",
			"license": "MIT",
			"dependencies": {
				"inherits": "^2.0.3",
				"string_decoder": "^1.1.1",
				"util-deprecate": "^1.0.1"
			},
			"engines": {
				"node": ">= 6"
			}
		},
		"node_modules/redis-errors": {
			"version": "1.2.0",
			"license": "MIT",
			"engines": {
				"node": ">=4"
			}
		},
		"node_modules/redis-parser": {
			"version": "3.0.0",
			"license": "MIT",
			"dependencies": {
				"redis-errors": "^1.0.0"
			},
			"engines": {
				"node": ">=4"
			}
		},
		"node_modules/safe-buffer": {
			"version": "5.2.1",
			"funding": [
				{
					"type": "github",
					"url": "https://github.com/sponsors/feross"
				},
				{
					"type": "patreon",
					"url": "https://www.patreon.com/feross"
				},
				{
					"type": "consulting",
					"url": "https://feross.org/support"
				}
			],
			"license": "MIT"
		},
		"node_modules/standard-as-callback": {
			"version": "2.1.0",
			"license": "MIT"
		},
		"node_modules/string_decoder": {
			"version": "1.3.0",
			"license": "MIT",
			"dependencies": {
				"safe-buffer": "~5.2.0"
			}
		},
		"node_modules/strnum": {
			"version": "2.1.2",
			"funding": [
				{
					"type": "github",
					"url": "https://github.com/sponsors/NaturalIntelligence"
				}
			],
			"license": "MIT"
		},
		"node_modules/tslib": {
			"version": "2.8.1",
			"license": "0BSD"
		},
		"node_modules/typedarray": {
			"version": "0.0.6",
			"license": "MIT"
		},
		"node_modules/typescript": {
			"version": "5.9.3",
			"license": "Apache-2.0",
			"peer": true,
			"bin": {
				"tsc": "bin/tsc",
				"tsserver": "bin/tsserver"
			},
			"engines": {
				"node": ">=14.17"
			}
		},
		"node_modules/undici-types": {
			"version": "7.16.0",
			"license": "MIT"
		},
		"node_modules/util-deprecate": {
			"version": "1.0.2",
			"license": "MIT"
		},
		"node_modules/uuid": {
			"version": "13.0.0",
			"funding": [
				"https://github.com/sponsors/broofa",
				"https://github.com/sponsors/ctavan"
			],
			"license": "MIT",
			"bin": {
				"uuid": "dist-node/bin/uuid"
			}
		},
		"node_modules/which": {
			"version": "1.3.1",
			"license": "ISC",
			"dependencies": {
				"isexe": "^2.0.0"
			},
			"bin": {
				"which": "bin/which"
			}
		}
	}
}
